
Microsoft Visual Studio Solution File, Format Version 12.00
# Visual Studio 15
VisualStudioVersion = 15.0.26124.0
MinimumVisualStudioVersion = 15.0.26124.0
Project("{FAE04EC0-301F-11D3-BF4B-00C04F79EFBC}") = "MyMath", "MyMath\MyMath.csproj", "{D5888E36-3FE6-4F9B-AD83-B2584646E4B2}"
EndProject
Project("{FAE04EC0-301F-11D3-BF4B-00C04F79EFBC}") = "MyMath.Tests", "MyMath.Tests\MyMath.Tests.csproj", "{B8746ADC-53B4-4BE7-A7CA-445C7CE61FAF}"
EndProject
Global
	GlobalSection(SolutionConfigurationPlatforms) = preSolution
		Debug|Any CPU = Debug|Any CPU
		Debug|x64 = Debug|x64
		Debug|x86 = Debug|x86
		Release|Any CPU = Release|Any CPU
		Release|x64 = Release|x64
		Release|x86 = Release|x86
	EndGlobalSection
	GlobalSection(SolutionProperties) = preSolution
		HideSolutionNode = FALSE
	EndGlobalSection
	GlobalSection(ProjectConfigurationPlatforms) = postSolution
		{D5888E36-3FE6-4F9B-AD83-B2584646E4B2}.Debug|Any CPU.ActiveCfg = Debug|Any CPU
		{D5888E36-3FE6-4F9B-AD83-B2584646E4B2}.Debug|Any CPU.Build.0 = Debug|Any CPU
		{D5888E36-3FE6-4F9B-AD83-B2584646E4B2}.Debug|x64.ActiveCfg = Debug|Any CPU
		{D5888E36-3FE6-4F9B-AD83-B2584646E4B2}.Debug|x64.Build.0 = Debug|Any CPU
		{D5888E36-3FE6-4F9B-AD83-B2584646E4B2}.Debug|x86.ActiveCfg = Debug|Any CPU
		{D5888E36-3FE6-4F9B-AD83-B2584646E4B2}.Debug|x86.Build.0 = Debug|Any CPU
		{D5888E36-3FE6-4F9B-AD83-B2584646E4B2}.Release|Any CPU.ActiveCfg = Release|Any CPU
		{D5888E36-3FE6-4F9B-AD83-B2584646E4B2}.Release|Any CPU.Build.0 = Release|Any CPU
		{D5888E36-3FE6-4F9B-AD83-B2584646E4B2}.Release|x64.ActiveCfg = Release|Any CPU
		{D5888E36-3FE6-4F9B-AD83-B2584646E4B2}.Release|x64.Build.0 = Release|Any CPU
		{D5888E36-3FE6-4F9B-AD83-B2584646E4B2}.Release|x86.ActiveCfg = Release|Any CPU
		{D5888E36-3FE6-4F9B-AD83-B2584646E4B2}.Release|x86.Build.0 = Release|Any CPU
		{B8746ADC-53B4-4BE7-A7CA-445C7CE61FAF}.Debug|Any CPU.ActiveCfg = Debug|Any CPU
		{B8746ADC-53B4-4BE7-A7CA-445C7CE61FAF}.Debug|Any CPU.Build.0 = Debug|Any CPU
		{B8746ADC-53B4-4BE7-A7CA-445C7CE61FAF}.Debug|x64.ActiveCfg = Debug|Any CPU
		{B8746ADC-53B4-4BE7-A7CA-445C7CE61FAF}.Debug|x64.Build.0 = Debug|Any CPU
		{B8746ADC-53B4-4BE7-A7CA-445C7CE61FAF}.Debug|x86.ActiveCfg = Debug|Any CPU
		{B8746ADC-53B4-4BE7-A7CA-445C7CE61FAF}.Debug|x86.Build.0 = Debug|Any CPU
		{B8746ADC-53B4-4BE7-A7CA-445C7CE61FAF}.Release|Any CPU.ActiveCfg = Release|Any CPU
		{B8746ADC-53B4-4BE7-A7CA-445C7CE61FAF}.Release|Any CPU.Build.0 = Release|Any CPU
		{B8746ADC-53B4-4BE7-A7CA-445C7CE61FAF}.Release|x64.ActiveCfg = Release|Any CPU
		{B8746ADC-53B4-4BE7-A7CA-445C7CE61FAF}.Release|x64.Build.0 = Release|Any CPU
		{B8746ADC-53B4-4BE7-A7CA-445C7CE61FAF}.Release|x86.ActiveCfg = Release|Any CPU
		{B8746ADC-53B4-4BE7-A7CA-445C7CE61FAF}.Release|x86.Build.0 = Release|Any CPU
	EndGlobalSection
EndGlobal
