
Microsoft Visual Studio Solution File, Format Version 12.00
# Visual Studio 15
VisualStudioVersion = 15.0.26124.0
MinimumVisualStudioVersion = 15.0.26124.0
Project("{FAE04EC0-301F-11D3-BF4B-00C04F79EFBC}") = "Text", "Text\Text.csproj", "{F1DDE575-D0AA-42DB-BA7C-B48F0EEFF94A}"
EndProject
Project("{FAE04EC0-301F-11D3-BF4B-00C04F79EFBC}") = "Text.Tests", "Text.Tests\Text.Tests.csproj", "{639FA492-EA11-4CD2-9B01-E23B2872E16D}"
EndProject
Global
	GlobalSection(SolutionConfigurationPlatforms) = preSolution
		Debug|Any CPU = Debug|Any CPU
		Debug|x64 = Debug|x64
		Debug|x86 = Debug|x86
		Release|Any CPU = Release|Any CPU
		Release|x64 = Release|x64
		Release|x86 = Release|x86
	EndGlobalSection
	GlobalSection(SolutionProperties) = preSolution
		HideSolutionNode = FALSE
	EndGlobalSection
	GlobalSection(ProjectConfigurationPlatforms) = postSolution
		{F1DDE575-D0AA-42DB-BA7C-B48F0EEFF94A}.Debug|Any CPU.ActiveCfg = Debug|Any CPU
		{F1DDE575-D0AA-42DB-BA7C-B48F0EEFF94A}.Debug|Any CPU.Build.0 = Debug|Any CPU
		{F1DDE575-D0AA-42DB-BA7C-B48F0EEFF94A}.Debug|x64.ActiveCfg = Debug|Any CPU
		{F1DDE575-D0AA-42DB-BA7C-B48F0EEFF94A}.Debug|x64.Build.0 = Debug|Any CPU
		{F1DDE575-D0AA-42DB-BA7C-B48F0EEFF94A}.Debug|x86.ActiveCfg = Debug|Any CPU
		{F1DDE575-D0AA-42DB-BA7C-B48F0EEFF94A}.Debug|x86.Build.0 = Debug|Any CPU
		{F1DDE575-D0AA-42DB-BA7C-B48F0EEFF94A}.Release|Any CPU.ActiveCfg = Release|Any CPU
		{F1DDE575-D0AA-42DB-BA7C-B48F0EEFF94A}.Release|Any CPU.Build.0 = Release|Any CPU
		{F1DDE575-D0AA-42DB-BA7C-B48F0EEFF94A}.Release|x64.ActiveCfg = Release|Any CPU
		{F1DDE575-D0AA-42DB-BA7C-B48F0EEFF94A}.Release|x64.Build.0 = Release|Any CPU
		{F1DDE575-D0AA-42DB-BA7C-B48F0EEFF94A}.Release|x86.ActiveCfg = Release|Any CPU
		{F1DDE575-D0AA-42DB-BA7C-B48F0EEFF94A}.Release|x86.Build.0 = Release|Any CPU
		{639FA492-EA11-4CD2-9B01-E23B2872E16D}.Debug|Any CPU.ActiveCfg = Debug|Any CPU
		{639FA492-EA11-4CD2-9B01-E23B2872E16D}.Debug|Any CPU.Build.0 = Debug|Any CPU
		{639FA492-EA11-4CD2-9B01-E23B2872E16D}.Debug|x64.ActiveCfg = Debug|Any CPU
		{639FA492-EA11-4CD2-9B01-E23B2872E16D}.Debug|x64.Build.0 = Debug|Any CPU
		{639FA492-EA11-4CD2-9B01-E23B2872E16D}.Debug|x86.ActiveCfg = Debug|Any CPU
		{639FA492-EA11-4CD2-9B01-E23B2872E16D}.Debug|x86.Build.0 = Debug|Any CPU
		{639FA492-EA11-4CD2-9B01-E23B2872E16D}.Release|Any CPU.ActiveCfg = Release|Any CPU
		{639FA492-EA11-4CD2-9B01-E23B2872E16D}.Release|Any CPU.Build.0 = Release|Any CPU
		{639FA492-EA11-4CD2-9B01-E23B2872E16D}.Release|x64.ActiveCfg = Release|Any CPU
		{639FA492-EA11-4CD2-9B01-E23B2872E16D}.Release|x64.Build.0 = Release|Any CPU
		{639FA492-EA11-4CD2-9B01-E23B2872E16D}.Release|x86.ActiveCfg = Release|Any CPU
		{639FA492-EA11-4CD2-9B01-E23B2872E16D}.Release|x86.Build.0 = Release|Any CPU
	EndGlobalSection
EndGlobal
