
Microsoft Visual Studio Solution File, Format Version 12.00
# Visual Studio 15
VisualStudioVersion = 15.0.26124.0
MinimumVisualStudioVersion = 15.0.26124.0
Project("{FAE04EC0-301F-11D3-BF4B-00C04F79EFBC}") = "Text", "Text\Text.csproj", "{981C8EE8-B039-42C4-B4C6-A85E5D3B71FC}"
EndProject
Project("{FAE04EC0-301F-11D3-BF4B-00C04F79EFBC}") = "Text.Tests", "Text.Tests\Text.Tests.csproj", "{4E96A857-4249-4BE7-A507-B91ED59CE4CD}"
EndProject
Global
	GlobalSection(SolutionConfigurationPlatforms) = preSolution
		Debug|Any CPU = Debug|Any CPU
		Debug|x64 = Debug|x64
		Debug|x86 = Debug|x86
		Release|Any CPU = Release|Any CPU
		Release|x64 = Release|x64
		Release|x86 = Release|x86
	EndGlobalSection
	GlobalSection(SolutionProperties) = preSolution
		HideSolutionNode = FALSE
	EndGlobalSection
	GlobalSection(ProjectConfigurationPlatforms) = postSolution
		{981C8EE8-B039-42C4-B4C6-A85E5D3B71FC}.Debug|Any CPU.ActiveCfg = Debug|Any CPU
		{981C8EE8-B039-42C4-B4C6-A85E5D3B71FC}.Debug|Any CPU.Build.0 = Debug|Any CPU
		{981C8EE8-B039-42C4-B4C6-A85E5D3B71FC}.Debug|x64.ActiveCfg = Debug|Any CPU
		{981C8EE8-B039-42C4-B4C6-A85E5D3B71FC}.Debug|x64.Build.0 = Debug|Any CPU
		{981C8EE8-B039-42C4-B4C6-A85E5D3B71FC}.Debug|x86.ActiveCfg = Debug|Any CPU
		{981C8EE8-B039-42C4-B4C6-A85E5D3B71FC}.Debug|x86.Build.0 = Debug|Any CPU
		{981C8EE8-B039-42C4-B4C6-A85E5D3B71FC}.Release|Any CPU.ActiveCfg = Release|Any CPU
		{981C8EE8-B039-42C4-B4C6-A85E5D3B71FC}.Release|Any CPU.Build.0 = Release|Any CPU
		{981C8EE8-B039-42C4-B4C6-A85E5D3B71FC}.Release|x64.ActiveCfg = Release|Any CPU
		{981C8EE8-B039-42C4-B4C6-A85E5D3B71FC}.Release|x64.Build.0 = Release|Any CPU
		{981C8EE8-B039-42C4-B4C6-A85E5D3B71FC}.Release|x86.ActiveCfg = Release|Any CPU
		{981C8EE8-B039-42C4-B4C6-A85E5D3B71FC}.Release|x86.Build.0 = Release|Any CPU
		{4E96A857-4249-4BE7-A507-B91ED59CE4CD}.Debug|Any CPU.ActiveCfg = Debug|Any CPU
		{4E96A857-4249-4BE7-A507-B91ED59CE4CD}.Debug|Any CPU.Build.0 = Debug|Any CPU
		{4E96A857-4249-4BE7-A507-B91ED59CE4CD}.Debug|x64.ActiveCfg = Debug|Any CPU
		{4E96A857-4249-4BE7-A507-B91ED59CE4CD}.Debug|x64.Build.0 = Debug|Any CPU
		{4E96A857-4249-4BE7-A507-B91ED59CE4CD}.Debug|x86.ActiveCfg = Debug|Any CPU
		{4E96A857-4249-4BE7-A507-B91ED59CE4CD}.Debug|x86.Build.0 = Debug|Any CPU
		{4E96A857-4249-4BE7-A507-B91ED59CE4CD}.Release|Any CPU.ActiveCfg = Release|Any CPU
		{4E96A857-4249-4BE7-A507-B91ED59CE4CD}.Release|Any CPU.Build.0 = Release|Any CPU
		{4E96A857-4249-4BE7-A507-B91ED59CE4CD}.Release|x64.ActiveCfg = Release|Any CPU
		{4E96A857-4249-4BE7-A507-B91ED59CE4CD}.Release|x64.Build.0 = Release|Any CPU
		{4E96A857-4249-4BE7-A507-B91ED59CE4CD}.Release|x86.ActiveCfg = Release|Any CPU
		{4E96A857-4249-4BE7-A507-B91ED59CE4CD}.Release|x86.Build.0 = Release|Any CPU
	EndGlobalSection
EndGlobal
